
Microsoft Visual Studio Solution File, Format Version 12.00
# Visual Studio 15
VisualStudioVersion = 15.0.26124.0
MinimumVisualStudioVersion = 15.0.26124.0
Project("{FAE04EC0-301F-11D3-BF4B-00C04F79EFBC}") = "SmartState", "SmartState\SmartState.csproj", "{3E443E58-A672-4691-A355-1202E5DBAD2C}"
EndProject
Project("{FAE04EC0-301F-11D3-BF4B-00C04F79EFBC}") = "SmartState.UnitTests", "SmartState.UnitTests\SmartState.UnitTests.csproj", "{685CE80E-B814-456B-8906-860B10FA1B36}"
EndProject
Global
	GlobalSection(SolutionProperties) = preSolution
		HideSolutionNode = FALSE
	EndGlobalSection
	GlobalSection(SolutionConfigurationPlatforms) = preSolution
		Debug|Any CPU = Debug|Any CPU
		Debug|x64 = Debug|x64
		Debug|x86 = Debug|x86
		Release|Any CPU = Release|Any CPU
		Release|x64 = Release|x64
		Release|x86 = Release|x86
	EndGlobalSection
	GlobalSection(ProjectConfigurationPlatforms) = postSolution
		{3E443E58-A672-4691-A355-1202E5DBAD2C}.Debug|Any CPU.ActiveCfg = Debug|Any CPU
		{3E443E58-A672-4691-A355-1202E5DBAD2C}.Debug|Any CPU.Build.0 = Debug|Any CPU
		{3E443E58-A672-4691-A355-1202E5DBAD2C}.Debug|x64.ActiveCfg = Debug|x64
		{3E443E58-A672-4691-A355-1202E5DBAD2C}.Debug|x64.Build.0 = Debug|x64
		{3E443E58-A672-4691-A355-1202E5DBAD2C}.Debug|x86.ActiveCfg = Debug|x86
		{3E443E58-A672-4691-A355-1202E5DBAD2C}.Debug|x86.Build.0 = Debug|x86
		{3E443E58-A672-4691-A355-1202E5DBAD2C}.Release|Any CPU.ActiveCfg = Release|Any CPU
		{3E443E58-A672-4691-A355-1202E5DBAD2C}.Release|Any CPU.Build.0 = Release|Any CPU
		{3E443E58-A672-4691-A355-1202E5DBAD2C}.Release|x64.ActiveCfg = Release|x64
		{3E443E58-A672-4691-A355-1202E5DBAD2C}.Release|x64.Build.0 = Release|x64
		{3E443E58-A672-4691-A355-1202E5DBAD2C}.Release|x86.ActiveCfg = Release|x86
		{3E443E58-A672-4691-A355-1202E5DBAD2C}.Release|x86.Build.0 = Release|x86
		{685CE80E-B814-456B-8906-860B10FA1B36}.Debug|Any CPU.ActiveCfg = Debug|Any CPU
		{685CE80E-B814-456B-8906-860B10FA1B36}.Debug|Any CPU.Build.0 = Debug|Any CPU
		{685CE80E-B814-456B-8906-860B10FA1B36}.Debug|x64.ActiveCfg = Debug|x64
		{685CE80E-B814-456B-8906-860B10FA1B36}.Debug|x64.Build.0 = Debug|x64
		{685CE80E-B814-456B-8906-860B10FA1B36}.Debug|x86.ActiveCfg = Debug|x86
		{685CE80E-B814-456B-8906-860B10FA1B36}.Debug|x86.Build.0 = Debug|x86
		{685CE80E-B814-456B-8906-860B10FA1B36}.Release|Any CPU.ActiveCfg = Release|Any CPU
		{685CE80E-B814-456B-8906-860B10FA1B36}.Release|Any CPU.Build.0 = Release|Any CPU
		{685CE80E-B814-456B-8906-860B10FA1B36}.Release|x64.ActiveCfg = Release|x64
		{685CE80E-B814-456B-8906-860B10FA1B36}.Release|x64.Build.0 = Release|x64
		{685CE80E-B814-456B-8906-860B10FA1B36}.Release|x86.ActiveCfg = Release|x86
		{685CE80E-B814-456B-8906-860B10FA1B36}.Release|x86.Build.0 = Release|x86
	EndGlobalSection
EndGlobal
